// !$*UTF8*$!
{
	archiveVersion = 1;
	classes = {
	};
	objectVersion = 46;
	objects = {

/* Begin PBXBuildFile section */
		9032F9C31DF35E5300FBDB1B /* main.m in Sources */ = {isa = PBXBuildFile; fileRef = 9032F9C21DF35E5300FBDB1B /* main.m */; };
		9032F9C61DF35E5300FBDB1B /* AppDelegate.m in Sources */ = {isa = PBXBuildFile; fileRef = 9032F9C51DF35E5300FBDB1B /* AppDelegate.m */; };
		9032F9C91DF35E5300FBDB1B /* ViewController.m in Sources */ = {isa = PBXBuildFile; fileRef = 9032F9C81DF35E5300FBDB1B /* ViewController.m */; };
		9032F9CC1DF35E5300FBDB1B /* Main.storyboard in Resources */ = {isa = PBXBuildFile; fileRef = 9032F9CA1DF35E5300FBDB1B /* Main.storyboard */; };
		9032F9CE1DF35E5300FBDB1B /* Assets.xcassets in Resources */ = {isa = PBXBuildFile; fileRef = 9032F9CD1DF35E5300FBDB1B /* Assets.xcassets */; };
		9032F9D11DF35E5300FBDB1B /* LaunchScreen.storyboard in Resources */ = {isa = PBXBuildFile; fileRef = 9032F9CF1DF35E5300FBDB1B /* LaunchScreen.storyboard */; };
		9032F9DD1DF361B900FBDB1B /* TPBJCellCollectionViewCell.m in Sources */ = {isa = PBXBuildFile; fileRef = 9032F9DC1DF361B900FBDB1B /* TPBJCellCollectionViewCell.m */; };
		9032F9E41DF368A800FBDB1B /* PBJHexagonFlowLayout.m in Sources */ = {isa = PBXBuildFile; fileRef = 9032F9E31DF368A800FBDB1B /* PBJHexagonFlowLayout.m */; };
/* End PBXBuildFile section */

/* Begin PBXFileReference section */
		9032F9BE1DF35E5300FBDB1B /* TestPBJHex.app */ = {isa = PBXFileReference; explicitFileType = wrapper.application; includeInIndex = 0; path = TestPBJHex.app; sourceTree = BUILT_PRODUCTS_DIR; };
		9032F9C21DF35E5300FBDB1B /* main.m */ = {isa = PBXFileReference; lastKnownFileType = sourcecode.c.objc; path = main.m; sourceTree = "<group>"; };
		9032F9C41DF35E5300FBDB1B /* AppDelegate.h */ = {isa = PBXFileReference; lastKnownFileType = sourcecode.c.h; path = AppDelegate.h; sourceTree = "<group>"; };
		9032F9C51DF35E5300FBDB1B /* AppDelegate.m */ = {isa = PBXFileReference; lastKnownFileType = sourcecode.c.objc; path = AppDelegate.m; sourceTree = "<group>"; };
		9032F9C71DF35E5300FBDB1B /* ViewController.h */ = {isa = PBXFileReference; lastKnownFileType = sourcecode.c.h; path = ViewController.h; sourceTree = "<group>"; };
		9032F9C81DF35E5300FBDB1B /* ViewController.m */ = {isa = PBXFileReference; lastKnownFileType = sourcecode.c.objc; path = ViewController.m; sourceTree = "<group>"; };
		9032F9CB1DF35E5300FBDB1B /* Base */ = {isa = PBXFileReference; lastKnownFileType = file.storyboard; name = Base; path = Base.lproj/Main.storyboard; sourceTree = "<group>"; };
		9032F9CD1DF35E5300FBDB1B /* Assets.xcassets */ = {isa = PBXFileReference; lastKnownFileType = folder.assetcatalog; path = Assets.xcassets; sourceTree = "<group>"; };
		9032F9D01DF35E5300FBDB1B /* Base */ = {isa = PBXFileReference; lastKnownFileType = file.storyboard; name = Base; path = Base.lproj/LaunchScreen.storyboard; sourceTree = "<group>"; };
		9032F9D21DF35E5300FBDB1B /* Info.plist */ = {isa = PBXFileReference; lastKnownFileType = text.plist.xml; path = Info.plist; sourceTree = "<group>"; };
		9032F9DB1DF361B900FBDB1B /* TPBJCellCollectionViewCell.h */ = {isa = PBXFileReference; fileEncoding = 4; lastKnownFileType = sourcecode.c.h; path = TPBJCellCollectionViewCell.h; sourceTree = "<group>"; };
		9032F9DC1DF361B900FBDB1B /* TPBJCellCollectionViewCell.m */ = {isa = PBXFileReference; fileEncoding = 4; lastKnownFileType = sourcecode.c.objc; path = TPBJCellCollectionViewCell.m; sourceTree = "<group>"; };
		9032F9E21DF368A800FBDB1B /* PBJHexagonFlowLayout.h */ = {isa = PBXFileReference; fileEncoding = 4; lastKnownFileType = sourcecode.c.h; path = PBJHexagonFlowLayout.h; sourceTree = "<group>"; };
		9032F9E31DF368A800FBDB1B /* PBJHexagonFlowLayout.m */ = {isa = PBXFileReference; fileEncoding = 4; lastKnownFileType = sourcecode.c.objc; path = PBJHexagonFlowLayout.m; sourceTree = "<group>"; };
/* End PBXFileReference section */

/* Begin PBXFrameworksBuildPhase section */
		9032F9BB1DF35E5300FBDB1B /* Frameworks */ = {
			isa = PBXFrameworksBuildPhase;
			buildActionMask = 2147483647;
			files = (
			);
			runOnlyForDeploymentPostprocessing = 0;
		};
/* End PBXFrameworksBuildPhase section */

/* Begin PBXGroup section */
		9032F9B51DF35E5300FBDB1B = {
			isa = PBXGroup;
			children = (
				9032F9C01DF35E5300FBDB1B /* TestPBJHex */,
				9032F9BF1DF35E5300FBDB1B /* Products */,
			);
			sourceTree = "<group>";
		};
		9032F9BF1DF35E5300FBDB1B /* Products */ = {
			isa = PBXGroup;
			children = (
				9032F9BE1DF35E5300FBDB1B /* TestPBJHex.app */,
			);
			name = Products;
			sourceTree = "<group>";
		};
		9032F9C01DF35E5300FBDB1B /* TestPBJHex */ = {
			isa = PBXGroup;
			children = (
				9032F9E11DF368A800FBDB1B /* Source */,
				9032F9DB1DF361B900FBDB1B /* TPBJCellCollectionViewCell.h */,
				9032F9DC1DF361B900FBDB1B /* TPBJCellCollectionViewCell.m */,
				9032F9C41DF35E5300FBDB1B /* AppDelegate.h */,
				9032F9C51DF35E5300FBDB1B /* AppDelegate.m */,
				9032F9C71DF35E5300FBDB1B /* ViewController.h */,
				9032F9C81DF35E5300FBDB1B /* ViewController.m */,
				9032F9CA1DF35E5300FBDB1B /* Main.storyboard */,
				9032F9CD1DF35E5300FBDB1B /* Assets.xcassets */,
				9032F9CF1DF35E5300FBDB1B /* LaunchScreen.storyboard */,
				9032F9D21DF35E5300FBDB1B /* Info.plist */,
				9032F9C11DF35E5300FBDB1B /* Supporting Files */,
			);
			path = TestPBJHex;
			sourceTree = "<group>";
		};
		9032F9C11DF35E5300FBDB1B /* Supporting Files */ = {
			isa = PBXGroup;
			children = (
				9032F9C21DF35E5300FBDB1B /* main.m */,
			);
			name = "Supporting Files";
			sourceTree = "<group>";
		};
		9032F9E11DF368A800FBDB1B /* Source */ = {
			isa = PBXGroup;
			children = (
				9032F9E21DF368A800FBDB1B /* PBJHexagonFlowLayout.h */,
				9032F9E31DF368A800FBDB1B /* PBJHexagonFlowLayout.m */,
			);
			name = Source;
			path = ../../Source;
			sourceTree = "<group>";
		};
/* End PBXGroup section */

/* Begin PBXNativeTarget section */
		9032F9BD1DF35E5300FBDB1B /* TestPBJHex */ = {
			isa = PBXNativeTarget;
			buildConfigurationList = 9032F9D51DF35E5300FBDB1B /* Build configuration list for PBXNativeTarget "TestPBJHex" */;
			buildPhases = (
				9032F9BA1DF35E5300FBDB1B /* Sources */,
				9032F9BB1DF35E5300FBDB1B /* Frameworks */,
				9032F9BC1DF35E5300FBDB1B /* Resources */,
			);
			buildRules = (
			);
			dependencies = (
			);
			name = TestPBJHex;
			productName = TestPBJHex;
			productReference = 9032F9BE1DF35E5300FBDB1B /* TestPBJHex.app */;
			productType = "com.apple.product-type.application";
		};
/* End PBXNativeTarget section */

/* Begin PBXProject section */
		9032F9B61DF35E5300FBDB1B /* Project object */ = {
			isa = PBXProject;
			attributes = {
				LastUpgradeCheck = 0810;
				ORGANIZATIONNAME = Troezen;
				TargetAttributes = {
					9032F9BD1DF35E5300FBDB1B = {
						CreatedOnToolsVersion = 8.1;
						DevelopmentTeam = R6FKJQPSSD;
						ProvisioningStyle = Automatic;
					};
				};
			};
			buildConfigurationList = 9032F9B91DF35E5300FBDB1B /* Build configuration list for PBXProject "TestPBJHex" */;
			compatibilityVersion = "Xcode 3.2";
			developmentRegion = English;
			hasScannedForEncodings = 0;
			knownRegions = (
				en,
				Base,
			);
			mainGroup = 9032F9B51DF35E5300FBDB1B;
			productRefGroup = 9032F9BF1DF35E5300FBDB1B /* Products */;
			projectDirPath = "";
			projectRoot = "";
			targets = (
				9032F9BD1DF35E5300FBDB1B /* TestPBJHex */,
			);
		};
/* End PBXProject section */

/* Begin PBXResourcesBuildPhase section */
		9032F9BC1DF35E5300FBDB1B /* Resources */ = {
			isa = PBXResourcesBuildPhase;
			buildActionMask = 2147483647;
			files = (
				9032F9D11DF35E5300FBDB1B /* LaunchScreen.storyboard in Resources */,
				9032F9CE1DF35E5300FBDB1B /* Assets.xcassets in Resources */,
				9032F9CC1DF35E5300FBDB1B /* Main.storyboard in Resources */,
			);
			runOnlyForDeploymentPostprocessing = 0;
		};
/* End PBXResourcesBuildPhase section */

/* Begin PBXSourcesBuildPhase section */
		9032F9BA1DF35E5300FBDB1B /* Sources */ = {
			isa = PBXSourcesBuildPhase;
			buildActionMask = 2147483647;
			files = (
				9032F9C91DF35E5300FBDB1B /* ViewController.m in Sources */,
				9032F9DD1DF361B900FBDB1B /* TPBJCellCollectionViewCell.m in Sources */,
				9032F9E41DF368A800FBDB1B /* PBJHexagonFlowLayout.m in Sources */,
				9032F9C61DF35E5300FBDB1B /* AppDelegate.m in Sources */,
				9032F9C31DF35E5300FBDB1B /* main.m in Sources */,
			);
			runOnlyForDeploymentPostprocessing = 0;
		};
/* End PBXSourcesBuildPhase section */

/* Begin PBXVariantGroup section */
		9032F9CA1DF35E5300FBDB1B /* Main.storyboard */ = {
			isa = PBXVariantGroup;
			children = (
				9032F9CB1DF35E5300FBDB1B /* Base */,
			);
			name = Main.storyboard;
			sourceTree = "<group>";
		};
		9032F9CF1DF35E5300FBDB1B /* LaunchScreen.storyboard */ = {
			isa = PBXVariantGroup;
			children = (
				9032F9D01DF35E5300FBDB1B /* Base */,
			);
			name = LaunchScreen.storyboard;
			sourceTree = "<group>";
		};
/* End PBXVariantGroup section */

/* Begin XCBuildConfiguration section */
		9032F9D31DF35E5300FBDB1B /* Debug */ = {
			isa = XCBuildConfiguration;
			buildSettings = {
				ALWAYS_SEARCH_USER_PATHS = NO;
				CLANG_ANALYZER_NONNULL = YES;
				CLANG_CXX_LANGUAGE_STANDARD = "gnu++0x";
				CLANG_CXX_LIBRARY = "libc++";
				CLANG_ENABLE_MODULES = YES;
				CLANG_ENABLE_OBJC_ARC = YES;
				CLANG_WARN_BOOL_CONVERSION = YES;
				CLANG_WARN_CONSTANT_CONVERSION = YES;
				CLANG_WARN_DIRECT_OBJC_ISA_USAGE = YES_ERROR;
				CLANG_WARN_DOCUMENTATION_COMMENTS = YES;
				CLANG_WARN_EMPTY_BODY = YES;
				CLANG_WARN_ENUM_CONVERSION = YES;
				CLANG_WARN_INFINITE_RECURSION = YES;
				CLANG_WARN_INT_CONVERSION = YES;
				CLANG_WARN_OBJC_ROOT_CLASS = YES_ERROR;
				CLANG_WARN_SUSPICIOUS_MOVES = YES;
				CLANG_WARN_UNREACHABLE_CODE = YES;
				CLANG_WARN__DUPLICATE_METHOD_MATCH = YES;
				"CODE_SIGN_IDENTITY[sdk=iphoneos*]" = "iPhone Developer";
				COPY_PHASE_STRIP = NO;
				DEBUG_INFORMATION_FORMAT = dwarf;
				ENABLE_STRICT_OBJC_MSGSEND = YES;
				ENABLE_TESTABILITY = YES;
				GCC_C_LANGUAGE_STANDARD = gnu99;
				GCC_DYNAMIC_NO_PIC = NO;
				GCC_NO_COMMON_BLOCKS = YES;
				GCC_OPTIMIZATION_LEVEL = 0;
				GCC_PREPROCESSOR_DEFINITIONS = (
					"DEBUG=1",
					"$(inherited)",
				);
				GCC_WARN_64_TO_32_BIT_CONVERSION = YES;
				GCC_WARN_ABOUT_RETURN_TYPE = YES_ERROR;
				GCC_WARN_UNDECLARED_SELECTOR = YES;
				GCC_WARN_UNINITIALIZED_AUTOS = YES_AGGRESSIVE;
				GCC_WARN_UNUSED_FUNCTION = YES;
				GCC_WARN_UNUSED_VARIABLE = YES;
				IPHONEOS_DEPLOYMENT_TARGET = 10.1;
				MTL_ENABLE_DEBUG_INFO = YES;
				ONLY_ACTIVE_ARCH = YES;
				SDKROOT = iphoneos;
				TARGETED_DEVICE_FAMILY = "1,2";
			};
			name = Debug;
		};
		9032F9D41DF35E5300FBDB1B /* Release */ = {
			isa = XCBuildConfiguration;
			buildSettings = {
				ALWAYS_SEARCH_USER_PATHS = NO;
				CLANG_ANALYZER_NONNULL = YES;
				CLANG_CXX_LANGUAGE_STANDARD = "gnu++0x";
				CLANG_CXX_LIBRARY = "libc++";
				CLANG_ENABLE_MODULES = YES;
				CLANG_ENABLE_OBJC_ARC = YES;
				CLANG_WARN_BOOL_CONVERSION = YES;
				CLANG_WARN_CONSTANT_CONVERSION = YES;
				CLANG_WARN_DIRECT_OBJC_ISA_USAGE = YES_ERROR;
				CLANG_WARN_DOCUMENTATION_COMMENTS = YES;
				CLANG_WARN_EMPTY_BODY = YES;
				CLANG_WARN_ENUM_CONVERSION = YES;
				CLANG_WARN_INFINITE_RECURSION = YES;
				CLANG_WARN_INT_CONVERSION = YES;
				CLANG_WARN_OBJC_ROOT_CLASS = YES_ERROR;
				CLANG_WARN_SUSPICIOUS_MOVES = YES;
				CLANG_WARN_UNREACHABLE_CODE = YES;
				CLANG_WARN__DUPLICATE_METHOD_MATCH = YES;
				"CODE_SIGN_IDENTITY[sdk=iphoneos*]" = "iPhone Developer";
				COPY_PHASE_STRIP = NO;
				DEBUG_INFORMATION_FORMAT = "dwarf-with-dsym";
				ENABLE_NS_ASSERTIONS = NO;
				ENABLE_STRICT_OBJC_MSGSEND = YES;
				GCC_C_LANGUAGE_STANDARD = gnu99;
				GCC_NO_COMMON_BLOCKS = YES;
				GCC_WARN_64_TO_32_BIT_CONVERSION = YES;
				GCC_WARN_ABOUT_RETURN_TYPE = YES_ERROR;
				GCC_WARN_UNDECLARED_SELECTOR = YES;
				GCC_WARN_UNINITIALIZED_AUTOS = YES_AGGRESSIVE;
				GCC_WARN_UNUSED_FUNCTION = YES;
				GCC_WARN_UNUSED_VARIABLE = YES;
				IPHONEOS_DEPLOYMENT_TARGET = 10.1;
				MTL_ENABLE_DEBUG_INFO = NO;
				SDKROOT = iphoneos;
				TARGETED_DEVICE_FAMILY = "1,2";
				VALIDATE_PRODUCT = YES;
			};
			name = Release;
		};
		9032F9D61DF35E5300FBDB1B /* Debug */ = {
			isa = XCBuildConfiguration;
			buildSettings = {
				ASSETCATALOG_COMPILER_APPICON_NAME = AppIcon;
				DEVELOPMENT_TEAM = R6FKJQPSSD;
				INFOPLIST_FILE = TestPBJHex/Info.plist;
				LD_RUNPATH_SEARCH_PATHS = "$(inherited) @executable_path/Frameworks";
				PRODUCT_BUNDLE_IDENTIFIER = com.troezen.TestPBJHex;
				PRODUCT_NAME = "$(TARGET_NAME)";
			};
			name = Debug;
		};
		9032F9D71DF35E5300FBDB1B /* Release */ = {
			isa = XCBuildConfiguration;
			buildSettings = {
				ASSETCATALOG_COMPILER_APPICON_NAME = AppIcon;
				DEVELOPMENT_TEAM = R6FKJQPSSD;
				INFOPLIST_FILE = TestPBJHex/Info.plist;
				LD_RUNPATH_SEARCH_PATHS = "$(inherited) @executable_path/Frameworks";
				PRODUCT_BUNDLE_IDENTIFIER = com.troezen.TestPBJHex;
				PRODUCT_NAME = "$(TARGET_NAME)";
			};
			name = Release;
		};
/* End XCBuildConfiguration section */

/* Begin XCConfigurationList section */
		9032F9B91DF35E5300FBDB1B /* Build configuration list for PBXProject "TestPBJHex" */ = {
			isa = XCConfigurationList;
			buildConfigurations = (
				9032F9D31DF35E5300FBDB1B /* Debug */,
				9032F9D41DF35E5300FBDB1B /* Release */,
			);
			defaultConfigurationIsVisible = 0;
			defaultConfigurationName = Release;
		};
		9032F9D51DF35E5300FBDB1B /* Build configuration list for PBXNativeTarget "TestPBJHex" */ = {
			isa = XCConfigurationList;
			buildConfigurations = (
				9032F9D61DF35E5300FBDB1B /* Debug */,
				9032F9D71DF35E5300FBDB1B /* Release */,
			);
			defaultConfigurationIsVisible = 0;
			defaultConfigurationName = Release;
		};
/* End XCConfigurationList section */
	};
	rootObject = 9032F9B61DF35E5300FBDB1B /* Project object */;
}
